// !$*UTF8*$!
{
	archiveVersion = 1;
	classes = {
	};
	objectVersion = 55;
	objects = {

/* Begin PBXBuildFile section */
		1C783B2F27F50A9000E80807 /* AppSettings.swift in Sources */ = {isa = PBXBuildFile; fileRef = 1C783B2E27F50A9000E80807 /* AppSettings.swift */; };
		1C783B3127F50BE700E80807 /* Colar + Codable.swift in Sources */ = {isa = PBXBuildFile; fileRef = 1C783B3027F50BE700E80807 /* Colar + Codable.swift */; };
		1C783B3327F513F600E80807 /* SettingsViewController.swift in Sources */ = {isa = PBXBuildFile; fileRef = 1C783B3227F513F600E80807 /* SettingsViewController.swift */; };
		1CCED38027F31A6000C330D6 /* AppDelegate.swift in Sources */ = {isa = PBXBuildFile; fileRef = 1CCED37F27F31A6000C330D6 /* AppDelegate.swift */; };
		1CCED38227F31A6000C330D6 /* SceneDelegate.swift in Sources */ = {isa = PBXBuildFile; fileRef = 1CCED38127F31A6000C330D6 /* SceneDelegate.swift */; };
		1CCED38427F31A6000C330D6 /* MenuViewController.swift in Sources */ = {isa = PBXBuildFile; fileRef = 1CCED38327F31A6000C330D6 /* MenuViewController.swift */; };
		1CCED38727F31A6000C330D6 /* Main.storyboard in Resources */ = {isa = PBXBuildFile; fileRef = 1CCED38527F31A6000C330D6 /* Main.storyboard */; };
		1CCED38A27F31A6000C330D6 /* CarRacing.xcdatamodeld in Sources */ = {isa = PBXBuildFile; fileRef = 1CCED38827F31A6000C330D6 /* CarRacing.xcdatamodeld */; };
		1CCED38C27F31A6400C330D6 /* Assets.xcassets in Resources */ = {isa = PBXBuildFile; fileRef = 1CCED38B27F31A6400C330D6 /* Assets.xcassets */; };
		1CCED38F27F31A6400C330D6 /* LaunchScreen.storyboard in Resources */ = {isa = PBXBuildFile; fileRef = 1CCED38D27F31A6400C330D6 /* LaunchScreen.storyboard */; };
		1CCED39D27F3273000C330D6 /* OverpassReg.ttf in Resources */ = {isa = PBXBuildFile; fileRef = 1CCED39B27F3273000C330D6 /* OverpassReg.ttf */; };
		1CCED39E27F3273000C330D6 /* OverpassBold.ttf in Resources */ = {isa = PBXBuildFile; fileRef = 1CCED39C27F3273000C330D6 /* OverpassBold.ttf */; };
		1CCED3A227F33A2F00C330D6 /* UIViewController+Allert.swift in Sources */ = {isa = PBXBuildFile; fileRef = 1CCED3A127F33A2F00C330D6 /* UIViewController+Allert.swift */; };
/* End PBXBuildFile section */

/* Begin PBXFileReference section */
		1C783B2E27F50A9000E80807 /* AppSettings.swift */ = {isa = PBXFileReference; lastKnownFileType = sourcecode.swift; path = AppSettings.swift; sourceTree = "<group>"; };
		1C783B3027F50BE700E80807 /* Colar + Codable.swift */ = {isa = PBXFileReference; lastKnownFileType = sourcecode.swift; path = "Colar + Codable.swift"; sourceTree = "<group>"; };
		1C783B3227F513F600E80807 /* SettingsViewController.swift */ = {isa = PBXFileReference; lastKnownFileType = sourcecode.swift; path = SettingsViewController.swift; sourceTree = "<group>"; };
		1CCED37C27F31A6000C330D6 /* CarRacing.app */ = {isa = PBXFileReference; explicitFileType = wrapper.application; includeInIndex = 0; path = CarRacing.app; sourceTree = BUILT_PRODUCTS_DIR; };
		1CCED37F27F31A6000C330D6 /* AppDelegate.swift */ = {isa = PBXFileReference; lastKnownFileType = sourcecode.swift; path = AppDelegate.swift; sourceTree = "<group>"; };
		1CCED38127F31A6000C330D6 /* SceneDelegate.swift */ = {isa = PBXFileReference; lastKnownFileType = sourcecode.swift; path = SceneDelegate.swift; sourceTree = "<group>"; };
		1CCED38327F31A6000C330D6 /* MenuViewController.swift */ = {isa = PBXFileReference; lastKnownFileType = sourcecode.swift; path = MenuViewController.swift; sourceTree = "<group>"; };
		1CCED38627F31A6000C330D6 /* Base */ = {isa = PBXFileReference; lastKnownFileType = file.storyboard; name = Base; path = Base.lproj/Main.storyboard; sourceTree = "<group>"; };
		1CCED38927F31A6000C330D6 /* CarRacing.xcdatamodel */ = {isa = PBXFileReference; lastKnownFileType = wrapper.xcdatamodel; path = CarRacing.xcdatamodel; sourceTree = "<group>"; };
		1CCED38B27F31A6400C330D6 /* Assets.xcassets */ = {isa = PBXFileReference; lastKnownFileType = folder.assetcatalog; path = Assets.xcassets; sourceTree = "<group>"; };
		1CCED38E27F31A6400C330D6 /* Base */ = {isa = PBXFileReference; lastKnownFileType = file.storyboard; name = Base; path = Base.lproj/LaunchScreen.storyboard; sourceTree = "<group>"; };
		1CCED39027F31A6400C330D6 /* Info.plist */ = {isa = PBXFileReference; lastKnownFileType = text.plist.xml; path = Info.plist; sourceTree = "<group>"; };
		1CCED39B27F3273000C330D6 /* OverpassReg.ttf */ = {isa = PBXFileReference; lastKnownFileType = file; path = OverpassReg.ttf; sourceTree = "<group>"; };
		1CCED39C27F3273000C330D6 /* OverpassBold.ttf */ = {isa = PBXFileReference; lastKnownFileType = file; path = OverpassBold.ttf; sourceTree = "<group>"; };
		1CCED3A127F33A2F00C330D6 /* UIViewController+Allert.swift */ = {isa = PBXFileReference; lastKnownFileType = sourcecode.swift; path = "UIViewController+Allert.swift"; sourceTree = "<group>"; };
/* End PBXFileReference section */

/* Begin PBXFrameworksBuildPhase section */
		1CCED37927F31A6000C330D6 /* Frameworks */ = {
			isa = PBXFrameworksBuildPhase;
			buildActionMask = 2147483647;
			files = (
			);
			runOnlyForDeploymentPostprocessing = 0;
		};
/* End PBXFrameworksBuildPhase section */

/* Begin PBXGroup section */
		1CCED37327F31A6000C330D6 = {
			isa = PBXGroup;
			children = (
				1CCED37E27F31A6000C330D6 /* CarRacing */,
				1CCED37D27F31A6000C330D6 /* Products */,
			);
			sourceTree = "<group>";
		};
		1CCED37D27F31A6000C330D6 /* Products */ = {
			isa = PBXGroup;
			children = (
				1CCED37C27F31A6000C330D6 /* CarRacing.app */,
			);
			name = Products;
			sourceTree = "<group>";
		};
		1CCED37E27F31A6000C330D6 /* CarRacing */ = {
			isa = PBXGroup;
			children = (
				1CCED39627F3265700C330D6 /* Fonts */,
				1CCED37F27F31A6000C330D6 /* AppDelegate.swift */,
				1CCED38127F31A6000C330D6 /* SceneDelegate.swift */,
				1C783B3027F50BE700E80807 /* Colar + Codable.swift */,
				1C783B3227F513F600E80807 /* SettingsViewController.swift */,
				1C783B2E27F50A9000E80807 /* AppSettings.swift */,
				1CCED3A127F33A2F00C330D6 /* UIViewController+Allert.swift */,
				1CCED38327F31A6000C330D6 /* MenuViewController.swift */,
				1CCED38527F31A6000C330D6 /* Main.storyboard */,
				1CCED38B27F31A6400C330D6 /* Assets.xcassets */,
				1CCED38D27F31A6400C330D6 /* LaunchScreen.storyboard */,
				1CCED39027F31A6400C330D6 /* Info.plist */,
				1CCED38827F31A6000C330D6 /* CarRacing.xcdatamodeld */,
			);
			path = CarRacing;
			sourceTree = "<group>";
		};
		1CCED39627F3265700C330D6 /* Fonts */ = {
			isa = PBXGroup;
			children = (
				1CCED39C27F3273000C330D6 /* OverpassBold.ttf */,
				1CCED39B27F3273000C330D6 /* OverpassReg.ttf */,
			);
			path = Fonts;
			sourceTree = "<group>";
		};
/* End PBXGroup section */

/* Begin PBXNativeTarget section */
		1CCED37B27F31A6000C330D6 /* CarRacing */ = {
			isa = PBXNativeTarget;
			buildConfigurationList = 1CCED39327F31A6400C330D6 /* Build configuration list for PBXNativeTarget "CarRacing" */;
			buildPhases = (
				1CCED37827F31A6000C330D6 /* Sources */,
				1CCED37927F31A6000C330D6 /* Frameworks */,
				1CCED37A27F31A6000C330D6 /* Resources */,
			);
			buildRules = (
			);
			dependencies = (
			);
			name = CarRacing;
			productName = CarRacing;
			productReference = 1CCED37C27F31A6000C330D6 /* CarRacing.app */;
			productType = "com.apple.product-type.application";
		};
/* End PBXNativeTarget section */

/* Begin PBXProject section */
		1CCED37427F31A6000C330D6 /* Project object */ = {
			isa = PBXProject;
			attributes = {
				BuildIndependentTargetsInParallel = 1;
				LastSwiftUpdateCheck = 1330;
				LastUpgradeCheck = 1330;
				TargetAttributes = {
					1CCED37B27F31A6000C330D6 = {
						CreatedOnToolsVersion = 13.3;
					};
				};
			};
			buildConfigurationList = 1CCED37727F31A6000C330D6 /* Build configuration list for PBXProject "CarRacing" */;
			compatibilityVersion = "Xcode 13.0";
			developmentRegion = en;
			hasScannedForEncodings = 0;
			knownRegions = (
				en,
				Base,
			);
			mainGroup = 1CCED37327F31A6000C330D6;
			productRefGroup = 1CCED37D27F31A6000C330D6 /* Products */;
			projectDirPath = "";
			projectRoot = "";
			targets = (
				1CCED37B27F31A6000C330D6 /* CarRacing */,
			);
		};
/* End PBXProject section */

/* Begin PBXResourcesBuildPhase section */
		1CCED37A27F31A6000C330D6 /* Resources */ = {
			isa = PBXResourcesBuildPhase;
			buildActionMask = 2147483647;
			files = (
				1CCED38F27F31A6400C330D6 /* LaunchScreen.storyboard in Resources */,
				1CCED38C27F31A6400C330D6 /* Assets.xcassets in Resources */,
				1CCED38727F31A6000C330D6 /* Main.storyboard in Resources */,
				1CCED39E27F3273000C330D6 /* OverpassBold.ttf in Resources */,
				1CCED39D27F3273000C330D6 /* OverpassReg.ttf in Resources */,
			);
			runOnlyForDeploymentPostprocessing = 0;
		};
/* End PBXResourcesBuildPhase section */

/* Begin PBXSourcesBuildPhase section */
		1CCED37827F31A6000C330D6 /* Sources */ = {
			isa = PBXSourcesBuildPhase;
			buildActionMask = 2147483647;
			files = (
				1CCED38A27F31A6000C330D6 /* CarRacing.xcdatamodeld in Sources */,
				1CCED38427F31A6000C330D6 /* MenuViewController.swift in Sources */,
				1C783B2F27F50A9000E80807 /* AppSettings.swift in Sources */,
				1CCED3A227F33A2F00C330D6 /* UIViewController+Allert.swift in Sources */,
				1CCED38027F31A6000C330D6 /* AppDelegate.swift in Sources */,
				1C783B3127F50BE700E80807 /* Colar + Codable.swift in Sources */,
				1CCED38227F31A6000C330D6 /* SceneDelegate.swift in Sources */,
				1C783B3327F513F600E80807 /* SettingsViewController.swift in Sources */,
			);
			runOnlyForDeploymentPostprocessing = 0;
		};
/* End PBXSourcesBuildPhase section */

/* Begin PBXVariantGroup section */
		1CCED38527F31A6000C330D6 /* Main.storyboard */ = {
			isa = PBXVariantGroup;
			children = (
				1CCED38627F31A6000C330D6 /* Base */,
			);
			name = Main.storyboard;
			sourceTree = "<group>";
		};
		1CCED38D27F31A6400C330D6 /* LaunchScreen.storyboard */ = {
			isa = PBXVariantGroup;
			children = (
				1CCED38E27F31A6400C330D6 /* Base */,
			);
			name = LaunchScreen.storyboard;
			sourceTree = "<group>";
		};
/* End PBXVariantGroup section */

/* Begin XCBuildConfiguration section */
		1CCED39127F31A6400C330D6 /* Debug */ = {
			isa = XCBuildConfiguration;
			buildSettings = {
				ALWAYS_SEARCH_USER_PATHS = NO;
				CLANG_ANALYZER_NONNULL = YES;
				CLANG_ANALYZER_NUMBER_OBJECT_CONVERSION = YES_AGGRESSIVE;
				CLANG_CXX_LANGUAGE_STANDARD = "gnu++17";
				CLANG_ENABLE_MODULES = YES;
				CLANG_ENABLE_OBJC_ARC = YES;
				CLANG_ENABLE_OBJC_WEAK = YES;
				CLANG_WARN_BLOCK_CAPTURE_AUTORELEASING = YES;
				CLANG_WARN_BOOL_CONVERSION = YES;
				CLANG_WARN_COMMA = YES;
				CLANG_WARN_CONSTANT_CONVERSION = YES;
				CLANG_WARN_DEPRECATED_OBJC_IMPLEMENTATIONS = YES;
				CLANG_WARN_DIRECT_OBJC_ISA_USAGE = YES_ERROR;
				CLANG_WARN_DOCUMENTATION_COMMENTS = YES;
				CLANG_WARN_EMPTY_BODY = YES;
				CLANG_WARN_ENUM_CONVERSION = YES;
				CLANG_WARN_INFINITE_RECURSION = YES;
				CLANG_WARN_INT_CONVERSION = YES;
				CLANG_WARN_NON_LITERAL_NULL_CONVERSION = YES;
				CLANG_WARN_OBJC_IMPLICIT_RETAIN_SELF = YES;
				CLANG_WARN_OBJC_LITERAL_CONVERSION = YES;
				CLANG_WARN_OBJC_ROOT_CLASS = YES_ERROR;
				CLANG_WARN_QUOTED_INCLUDE_IN_FRAMEWORK_HEADER = YES;
				CLANG_WARN_RANGE_LOOP_ANALYSIS = YES;
				CLANG_WARN_STRICT_PROTOTYPES = YES;
				CLANG_WARN_SUSPICIOUS_MOVE = YES;
				CLANG_WARN_UNGUARDED_AVAILABILITY = YES_AGGRESSIVE;
				CLANG_WARN_UNREACHABLE_CODE = YES;
				CLANG_WARN__DUPLICATE_METHOD_MATCH = YES;
				COPY_PHASE_STRIP = NO;
				DEBUG_INFORMATION_FORMAT = dwarf;
				ENABLE_STRICT_OBJC_MSGSEND = YES;
				ENABLE_TESTABILITY = YES;
				GCC_C_LANGUAGE_STANDARD = gnu11;
				GCC_DYNAMIC_NO_PIC = NO;
				GCC_NO_COMMON_BLOCKS = YES;
				GCC_OPTIMIZATION_LEVEL = 0;
				GCC_PREPROCESSOR_DEFINITIONS = (
					"DEBUG=1",
					"$(inherited)",
				);
				GCC_WARN_64_TO_32_BIT_CONVERSION = YES;
				GCC_WARN_ABOUT_RETURN_TYPE = YES_ERROR;
				GCC_WARN_UNDECLARED_SELECTOR = YES;
				GCC_WARN_UNINITIALIZED_AUTOS = YES_AGGRESSIVE;
				GCC_WARN_UNUSED_FUNCTION = YES;
				GCC_WARN_UNUSED_VARIABLE = YES;
				IPHONEOS_DEPLOYMENT_TARGET = 15.4;
				MTL_ENABLE_DEBUG_INFO = INCLUDE_SOURCE;
				MTL_FAST_MATH = YES;
				ONLY_ACTIVE_ARCH = YES;
				SDKROOT = iphoneos;
				SWIFT_ACTIVE_COMPILATION_CONDITIONS = DEBUG;
				SWIFT_OPTIMIZATION_LEVEL = "-Onone";
			};
			name = Debug;
		};
		1CCED39227F31A6400C330D6 /* Release */ = {
			isa = XCBuildConfiguration;
			buildSettings = {
				ALWAYS_SEARCH_USER_PATHS = NO;
				CLANG_ANALYZER_NONNULL = YES;
				CLANG_ANALYZER_NUMBER_OBJECT_CONVERSION = YES_AGGRESSIVE;
				CLANG_CXX_LANGUAGE_STANDARD = "gnu++17";
				CLANG_ENABLE_MODULES = YES;
				CLANG_ENABLE_OBJC_ARC = YES;
				CLANG_ENABLE_OBJC_WEAK = YES;
				CLANG_WARN_BLOCK_CAPTURE_AUTORELEASING = YES;
				CLANG_WARN_BOOL_CONVERSION = YES;
				CLANG_WARN_COMMA = YES;
				CLANG_WARN_CONSTANT_CONVERSION = YES;
				CLANG_WARN_DEPRECATED_OBJC_IMPLEMENTATIONS = YES;
				CLANG_WARN_DIRECT_OBJC_ISA_USAGE = YES_ERROR;
				CLANG_WARN_DOCUMENTATION_COMMENTS = YES;
				CLANG_WARN_EMPTY_BODY = YES;
				CLANG_WARN_ENUM_CONVERSION = YES;
				CLANG_WARN_INFINITE_RECURSION = YES;
				CLANG_WARN_INT_CONVERSION = YES;
				CLANG_WARN_NON_LITERAL_NULL_CONVERSION = YES;
				CLANG_WARN_OBJC_IMPLICIT_RETAIN_SELF = YES;
				CLANG_WARN_OBJC_LITERAL_CONVERSION = YES;
				CLANG_WARN_OBJC_ROOT_CLASS = YES_ERROR;
				CLANG_WARN_QUOTED_INCLUDE_IN_FRAMEWORK_HEADER = YES;
				CLANG_WARN_RANGE_LOOP_ANALYSIS = YES;
				CLANG_WARN_STRICT_PROTOTYPES = YES;
				CLANG_WARN_SUSPICIOUS_MOVE = YES;
				CLANG_WARN_UNGUARDED_AVAILABILITY = YES_AGGRESSIVE;
				CLANG_WARN_UNREACHABLE_CODE = YES;
				CLANG_WARN__DUPLICATE_METHOD_MATCH = YES;
				COPY_PHASE_STRIP = NO;
				DEBUG_INFORMATION_FORMAT = "dwarf-with-dsym";
				ENABLE_NS_ASSERTIONS = NO;
				ENABLE_STRICT_OBJC_MSGSEND = YES;
				GCC_C_LANGUAGE_STANDARD = gnu11;
				GCC_NO_COMMON_BLOCKS = YES;
				GCC_WARN_64_TO_32_BIT_CONVERSION = YES;
				GCC_WARN_ABOUT_RETURN_TYPE = YES_ERROR;
				GCC_WARN_UNDECLARED_SELECTOR = YES;
				GCC_WARN_UNINITIALIZED_AUTOS = YES_AGGRESSIVE;
				GCC_WARN_UNUSED_FUNCTION = YES;
				GCC_WARN_UNUSED_VARIABLE = YES;
				IPHONEOS_DEPLOYMENT_TARGET = 15.4;
				MTL_ENABLE_DEBUG_INFO = NO;
				MTL_FAST_MATH = YES;
				SDKROOT = iphoneos;
				SWIFT_COMPILATION_MODE = wholemodule;
				SWIFT_OPTIMIZATION_LEVEL = "-O";
				VALIDATE_PRODUCT = YES;
			};
			name = Release;
		};
		1CCED39427F31A6400C330D6 /* Debug */ = {
			isa = XCBuildConfiguration;
			buildSettings = {
				ASSETCATALOG_COMPILER_APPICON_NAME = AppIcon;
				ASSETCATALOG_COMPILER_GLOBAL_ACCENT_COLOR_NAME = AccentColor;
				CODE_SIGN_STYLE = Automatic;
				CURRENT_PROJECT_VERSION = 1;
				GENERATE_INFOPLIST_FILE = YES;
				INFOPLIST_FILE = CarRacing/Info.plist;
				INFOPLIST_KEY_UIApplicationSupportsIndirectInputEvents = YES;
				INFOPLIST_KEY_UILaunchStoryboardName = LaunchScreen;
				INFOPLIST_KEY_UIMainStoryboardFile = Main;
				INFOPLIST_KEY_UISupportedInterfaceOrientations_iPad = "UIInterfaceOrientationPortrait UIInterfaceOrientationPortraitUpsideDown UIInterfaceOrientationLandscapeLeft UIInterfaceOrientationLandscapeRight";
				INFOPLIST_KEY_UISupportedInterfaceOrientations_iPhone = "UIInterfaceOrientationPortrait UIInterfaceOrientationLandscapeLeft UIInterfaceOrientationLandscapeRight";
				LD_RUNPATH_SEARCH_PATHS = (
					"$(inherited)",
					"@executable_path/Frameworks",
				);
				MARKETING_VERSION = 1.0;
				PRODUCT_BUNDLE_IDENTIFIER = by.budanov.CarRacing;
				PRODUCT_NAME = "$(TARGET_NAME)";
				SWIFT_EMIT_LOC_STRINGS = YES;
				SWIFT_VERSION = 5.0;
				TARGETED_DEVICE_FAMILY = "1,2";
			};
			name = Debug;
		};
		1CCED39527F31A6400C330D6 /* Release */ = {
			isa = XCBuildConfiguration;
			buildSettings = {
				ASSETCATALOG_COMPILER_APPICON_NAME = AppIcon;
				ASSETCATALOG_COMPILER_GLOBAL_ACCENT_COLOR_NAME = AccentColor;
				CODE_SIGN_STYLE = Automatic;
				CURRENT_PROJECT_VERSION = 1;
				GENERATE_INFOPLIST_FILE = YES;
				INFOPLIST_FILE = CarRacing/Info.plist;
				INFOPLIST_KEY_UIApplicationSupportsIndirectInputEvents = YES;
				INFOPLIST_KEY_UILaunchStoryboardName = LaunchScreen;
				INFOPLIST_KEY_UIMainStoryboardFile = Main;
				INFOPLIST_KEY_UISupportedInterfaceOrientations_iPad = "UIInterfaceOrientationPortrait UIInterfaceOrientationPortraitUpsideDown UIInterfaceOrientationLandscapeLeft UIInterfaceOrientationLandscapeRight";
				INFOPLIST_KEY_UISupportedInterfaceOrientations_iPhone = "UIInterfaceOrientationPortrait UIInterfaceOrientationLandscapeLeft UIInterfaceOrientationLandscapeRight";
				LD_RUNPATH_SEARCH_PATHS = (
					"$(inherited)",
					"@executable_path/Frameworks",
				);
				MARKETING_VERSION = 1.0;
				PRODUCT_BUNDLE_IDENTIFIER = by.budanov.CarRacing;
				PRODUCT_NAME = "$(TARGET_NAME)";
				SWIFT_EMIT_LOC_STRINGS = YES;
				SWIFT_VERSION = 5.0;
				TARGETED_DEVICE_FAMILY = "1,2";
			};
			name = Release;
		};
/* End XCBuildConfiguration section */

/* Begin XCConfigurationList section */
		1CCED37727F31A6000C330D6 /* Build configuration list for PBXProject "CarRacing" */ = {
			isa = XCConfigurationList;
			buildConfigurations = (
				1CCED39127F31A6400C330D6 /* Debug */,
				1CCED39227F31A6400C330D6 /* Release */,
			);
			defaultConfigurationIsVisible = 0;
			defaultConfigurationName = Release;
		};
		1CCED39327F31A6400C330D6 /* Build configuration list for PBXNativeTarget "CarRacing" */ = {
			isa = XCConfigurationList;
			buildConfigurations = (
				1CCED39427F31A6400C330D6 /* Debug */,
				1CCED39527F31A6400C330D6 /* Release */,
			);
			defaultConfigurationIsVisible = 0;
			defaultConfigurationName = Release;
		};
/* End XCConfigurationList section */

/* Begin XCVersionGroup section */
		1CCED38827F31A6000C330D6 /* CarRacing.xcdatamodeld */ = {
			isa = XCVersionGroup;
			children = (
				1CCED38927F31A6000C330D6 /* CarRacing.xcdatamodel */,
			);
			currentVersion = 1CCED38927F31A6000C330D6 /* CarRacing.xcdatamodel */;
			path = CarRacing.xcdatamodeld;
			sourceTree = "<group>";
			versionGroupType = wrapper.xcdatamodel;
		};
/* End XCVersionGroup section */
	};
	rootObject = 1CCED37427F31A6000C330D6 /* Project object */;
}
